
Microsoft Visual Studio Solution File, Format Version 12.00
# Visual Studio Version 17
VisualStudioVersion = 17.5.33516.290
MinimumVisualStudioVersion = 10.0.40219.1
Project("{FAE04EC0-301F-11D3-BF4B-00C04F79EFBC}") = "DatabaseSQLMusicApp", "DatabaseSQLMusicApp\DatabaseSQLMusicApp.csproj", "{28729947-3D0E-4267-A30C-03B90434A5AB}"
EndProject
Global
	GlobalSection(SolutionConfigurationPlatforms) = preSolution
		Debug|Any CPU = Debug|Any CPU
		Release|Any CPU = Release|Any CPU
	EndGlobalSection
	GlobalSection(ProjectConfigurationPlatforms) = postSolution
		{28729947-3D0E-4267-A30C-03B90434A5AB}.Debug|Any CPU.ActiveCfg = Debug|Any CPU
		{28729947-3D0E-4267-A30C-03B90434A5AB}.Debug|Any CPU.Build.0 = Debug|Any CPU
		{28729947-3D0E-4267-A30C-03B90434A5AB}.Release|Any CPU.ActiveCfg = Release|Any CPU
		{28729947-3D0E-4267-A30C-03B90434A5AB}.Release|Any CPU.Build.0 = Release|Any CPU
	EndGlobalSection
	GlobalSection(SolutionProperties) = preSolution
		HideSolutionNode = FALSE
	EndGlobalSection
	GlobalSection(ExtensibilityGlobals) = postSolution
		SolutionGuid = {4F3FD235-EE53-40DC-91EA-01CC220164E7}
	EndGlobalSection
EndGlobal
